// !$*UTF8*$!
{
	archiveVersion = 1;
	classes = {
	};
	objectVersion = 46;
	objects = {

/* Begin PBXBuildFile section */
		764D436F1D5186AE0079BA72 /* main.m in Sources */ = {isa = PBXBuildFile; fileRef = 764D436E1D5186AE0079BA72 /* main.m */; };
		764D43721D5186AE0079BA72 /* AppDelegate.m in Sources */ = {isa = PBXBuildFile; fileRef = 764D43711D5186AE0079BA72 /* AppDelegate.m */; };
		764D43751D5186AE0079BA72 /* ViewController.m in Sources */ = {isa = PBXBuildFile; fileRef = 764D43741D5186AE0079BA72 /* ViewController.m */; };
		764D43781D5186AE0079BA72 /* Main.storyboard in Resources */ = {isa = PBXBuildFile; fileRef = 764D43761D5186AE0079BA72 /* Main.storyboard */; };
		764D437B1D5186AE0079BA72 /* CityTest.xcdatamodeld in Sources */ = {isa = PBXBuildFile; fileRef = 764D43791D5186AE0079BA72 /* CityTest.xcdatamodeld */; };
		764D437D1D5186AE0079BA72 /* Assets.xcassets in Resources */ = {isa = PBXBuildFile; fileRef = 764D437C1D5186AE0079BA72 /* Assets.xcassets */; };
		764D43801D5186AE0079BA72 /* LaunchScreen.storyboard in Resources */ = {isa = PBXBuildFile; fileRef = 764D437E1D5186AE0079BA72 /* LaunchScreen.storyboard */; };
		764D438D1D5186CE0079BA72 /* CityModel.m in Sources */ = {isa = PBXBuildFile; fileRef = 764D438A1D5186CE0079BA72 /* CityModel.m */; };
		764D438E1D5186CE0079BA72 /* CityPickerViewController.m in Sources */ = {isa = PBXBuildFile; fileRef = 764D438C1D5186CE0079BA72 /* CityPickerViewController.m */; };
/* End PBXBuildFile section */

/* Begin PBXFileReference section */
		764D436A1D5186AE0079BA72 /* CityTest.app */ = {isa = PBXFileReference; explicitFileType = wrapper.application; includeInIndex = 0; path = CityTest.app; sourceTree = BUILT_PRODUCTS_DIR; };
		764D436E1D5186AE0079BA72 /* main.m */ = {isa = PBXFileReference; lastKnownFileType = sourcecode.c.objc; path = main.m; sourceTree = "<group>"; };
		764D43701D5186AE0079BA72 /* AppDelegate.h */ = {isa = PBXFileReference; lastKnownFileType = sourcecode.c.h; path = AppDelegate.h; sourceTree = "<group>"; };
		764D43711D5186AE0079BA72 /* AppDelegate.m */ = {isa = PBXFileReference; lastKnownFileType = sourcecode.c.objc; path = AppDelegate.m; sourceTree = "<group>"; };
		764D43731D5186AE0079BA72 /* ViewController.h */ = {isa = PBXFileReference; lastKnownFileType = sourcecode.c.h; path = ViewController.h; sourceTree = "<group>"; };
		764D43741D5186AE0079BA72 /* ViewController.m */ = {isa = PBXFileReference; lastKnownFileType = sourcecode.c.objc; path = ViewController.m; sourceTree = "<group>"; };
		764D43771D5186AE0079BA72 /* Base */ = {isa = PBXFileReference; lastKnownFileType = file.storyboard; name = Base; path = Base.lproj/Main.storyboard; sourceTree = "<group>"; };
		764D437A1D5186AE0079BA72 /* CityTest.xcdatamodel */ = {isa = PBXFileReference; lastKnownFileType = wrapper.xcdatamodel; path = CityTest.xcdatamodel; sourceTree = "<group>"; };
		764D437C1D5186AE0079BA72 /* Assets.xcassets */ = {isa = PBXFileReference; lastKnownFileType = folder.assetcatalog; path = Assets.xcassets; sourceTree = "<group>"; };
		764D437F1D5186AE0079BA72 /* Base */ = {isa = PBXFileReference; lastKnownFileType = file.storyboard; name = Base; path = Base.lproj/LaunchScreen.storyboard; sourceTree = "<group>"; };
		764D43811D5186AE0079BA72 /* Info.plist */ = {isa = PBXFileReference; lastKnownFileType = text.plist.xml; path = Info.plist; sourceTree = "<group>"; };
		764D43891D5186CE0079BA72 /* CityModel.h */ = {isa = PBXFileReference; fileEncoding = 4; lastKnownFileType = sourcecode.c.h; path = CityModel.h; sourceTree = "<group>"; };
		764D438A1D5186CE0079BA72 /* CityModel.m */ = {isa = PBXFileReference; fileEncoding = 4; lastKnownFileType = sourcecode.c.objc; path = CityModel.m; sourceTree = "<group>"; };
		764D438B1D5186CE0079BA72 /* CityPickerViewController.h */ = {isa = PBXFileReference; fileEncoding = 4; lastKnownFileType = sourcecode.c.h; path = CityPickerViewController.h; sourceTree = "<group>"; };
		764D438C1D5186CE0079BA72 /* CityPickerViewController.m */ = {isa = PBXFileReference; fileEncoding = 4; lastKnownFileType = sourcecode.c.objc; path = CityPickerViewController.m; sourceTree = "<group>"; };
/* End PBXFileReference section */

/* Begin PBXFrameworksBuildPhase section */
		764D43671D5186AE0079BA72 /* Frameworks */ = {
			isa = PBXFrameworksBuildPhase;
			buildActionMask = 2147483647;
			files = (
			);
			runOnlyForDeploymentPostprocessing = 0;
		};
/* End PBXFrameworksBuildPhase section */

/* Begin PBXGroup section */
		764D43611D5186AE0079BA72 = {
			isa = PBXGroup;
			children = (
				764D436C1D5186AE0079BA72 /* CityTest */,
				764D436B1D5186AE0079BA72 /* Products */,
			);
			sourceTree = "<group>";
		};
		764D436B1D5186AE0079BA72 /* Products */ = {
			isa = PBXGroup;
			children = (
				764D436A1D5186AE0079BA72 /* CityTest.app */,
			);
			name = Products;
			sourceTree = "<group>";
		};
		764D436C1D5186AE0079BA72 /* CityTest */ = {
			isa = PBXGroup;
			children = (
				764D43871D5186CE0079BA72 /* CityPickerViewController */,
				764D43701D5186AE0079BA72 /* AppDelegate.h */,
				764D43711D5186AE0079BA72 /* AppDelegate.m */,
				764D43731D5186AE0079BA72 /* ViewController.h */,
				764D43741D5186AE0079BA72 /* ViewController.m */,
				764D43761D5186AE0079BA72 /* Main.storyboard */,
				764D437C1D5186AE0079BA72 /* Assets.xcassets */,
				764D437E1D5186AE0079BA72 /* LaunchScreen.storyboard */,
				764D43811D5186AE0079BA72 /* Info.plist */,
				764D43791D5186AE0079BA72 /* CityTest.xcdatamodeld */,
				764D436D1D5186AE0079BA72 /* Supporting Files */,
			);
			path = CityTest;
			sourceTree = "<group>";
		};
		764D436D1D5186AE0079BA72 /* Supporting Files */ = {
			isa = PBXGroup;
			children = (
				764D436E1D5186AE0079BA72 /* main.m */,
			);
			name = "Supporting Files";
			sourceTree = "<group>";
		};
		764D43871D5186CE0079BA72 /* CityPickerViewController */ = {
			isa = PBXGroup;
			children = (
				764D43881D5186CE0079BA72 /* CityModel */,
				764D438B1D5186CE0079BA72 /* CityPickerViewController.h */,
				764D438C1D5186CE0079BA72 /* CityPickerViewController.m */,
			);
			path = CityPickerViewController;
			sourceTree = "<group>";
		};
		764D43881D5186CE0079BA72 /* CityModel */ = {
			isa = PBXGroup;
			children = (
				764D43891D5186CE0079BA72 /* CityModel.h */,
				764D438A1D5186CE0079BA72 /* CityModel.m */,
			);
			path = CityModel;
			sourceTree = "<group>";
		};
/* End PBXGroup section */

/* Begin PBXNativeTarget section */
		764D43691D5186AE0079BA72 /* CityTest */ = {
			isa = PBXNativeTarget;
			buildConfigurationList = 764D43841D5186AE0079BA72 /* Build configuration list for PBXNativeTarget "CityTest" */;
			buildPhases = (
				764D43661D5186AE0079BA72 /* Sources */,
				764D43671D5186AE0079BA72 /* Frameworks */,
				764D43681D5186AE0079BA72 /* Resources */,
			);
			buildRules = (
			);
			dependencies = (
			);
			name = CityTest;
			productName = CityTest;
			productReference = 764D436A1D5186AE0079BA72 /* CityTest.app */;
			productType = "com.apple.product-type.application";
		};
/* End PBXNativeTarget section */

/* Begin PBXProject section */
		764D43621D5186AE0079BA72 /* Project object */ = {
			isa = PBXProject;
			attributes = {
				LastUpgradeCheck = 0730;
				ORGANIZATIONNAME = whatever;
				TargetAttributes = {
					764D43691D5186AE0079BA72 = {
						CreatedOnToolsVersion = 7.3.1;
					};
				};
			};
			buildConfigurationList = 764D43651D5186AE0079BA72 /* Build configuration list for PBXProject "CityTest" */;
			compatibilityVersion = "Xcode 3.2";
			developmentRegion = English;
			hasScannedForEncodings = 0;
			knownRegions = (
				en,
				Base,
			);
			mainGroup = 764D43611D5186AE0079BA72;
			productRefGroup = 764D436B1D5186AE0079BA72 /* Products */;
			projectDirPath = "";
			projectRoot = "";
			targets = (
				764D43691D5186AE0079BA72 /* CityTest */,
			);
		};
/* End PBXProject section */

/* Begin PBXResourcesBuildPhase section */
		764D43681D5186AE0079BA72 /* Resources */ = {
			isa = PBXResourcesBuildPhase;
			buildActionMask = 2147483647;
			files = (
				764D43801D5186AE0079BA72 /* LaunchScreen.storyboard in Resources */,
				764D437D1D5186AE0079BA72 /* Assets.xcassets in Resources */,
				764D43781D5186AE0079BA72 /* Main.storyboard in Resources */,
			);
			runOnlyForDeploymentPostprocessing = 0;
		};
/* End PBXResourcesBuildPhase section */

/* Begin PBXSourcesBuildPhase section */
		764D43661D5186AE0079BA72 /* Sources */ = {
			isa = PBXSourcesBuildPhase;
			buildActionMask = 2147483647;
			files = (
				764D43751D5186AE0079BA72 /* ViewController.m in Sources */,
				764D43721D5186AE0079BA72 /* AppDelegate.m in Sources */,
				764D437B1D5186AE0079BA72 /* CityTest.xcdatamodeld in Sources */,
				764D436F1D5186AE0079BA72 /* main.m in Sources */,
				764D438D1D5186CE0079BA72 /* CityModel.m in Sources */,
				764D438E1D5186CE0079BA72 /* CityPickerViewController.m in Sources */,
			);
			runOnlyForDeploymentPostprocessing = 0;
		};
/* End PBXSourcesBuildPhase section */

/* Begin PBXVariantGroup section */
		764D43761D5186AE0079BA72 /* Main.storyboard */ = {
			isa = PBXVariantGroup;
			children = (
				764D43771D5186AE0079BA72 /* Base */,
			);
			name = Main.storyboard;
			sourceTree = "<group>";
		};
		764D437E1D5186AE0079BA72 /* LaunchScreen.storyboard */ = {
			isa = PBXVariantGroup;
			children = (
				764D437F1D5186AE0079BA72 /* Base */,
			);
			name = LaunchScreen.storyboard;
			sourceTree = "<group>";
		};
/* End PBXVariantGroup section */

/* Begin XCBuildConfiguration section */
		764D43821D5186AE0079BA72 /* Debug */ = {
			isa = XCBuildConfiguration;
			buildSettings = {
				ALWAYS_SEARCH_USER_PATHS = NO;
				CLANG_ANALYZER_NONNULL = YES;
				CLANG_CXX_LANGUAGE_STANDARD = "gnu++0x";
				CLANG_CXX_LIBRARY = "libc++";
				CLANG_ENABLE_MODULES = YES;
				CLANG_ENABLE_OBJC_ARC = YES;
				CLANG_WARN_BOOL_CONVERSION = YES;
				CLANG_WARN_CONSTANT_CONVERSION = YES;
				CLANG_WARN_DIRECT_OBJC_ISA_USAGE = YES_ERROR;
				CLANG_WARN_EMPTY_BODY = YES;
				CLANG_WARN_ENUM_CONVERSION = YES;
				CLANG_WARN_INT_CONVERSION = YES;
				CLANG_WARN_OBJC_ROOT_CLASS = YES_ERROR;
				CLANG_WARN_UNREACHABLE_CODE = YES;
				CLANG_WARN__DUPLICATE_METHOD_MATCH = YES;
				"CODE_SIGN_IDENTITY[sdk=iphoneos*]" = "iPhone Developer";
				COPY_PHASE_STRIP = NO;
				DEBUG_INFORMATION_FORMAT = dwarf;
				ENABLE_STRICT_OBJC_MSGSEND = YES;
				ENABLE_TESTABILITY = YES;
				GCC_C_LANGUAGE_STANDARD = gnu99;
				GCC_DYNAMIC_NO_PIC = NO;
				GCC_NO_COMMON_BLOCKS = YES;
				GCC_OPTIMIZATION_LEVEL = 0;
				GCC_PREPROCESSOR_DEFINITIONS = (
					"DEBUG=1",
					"$(inherited)",
				);
				GCC_WARN_64_TO_32_BIT_CONVERSION = YES;
				GCC_WARN_ABOUT_RETURN_TYPE = YES_ERROR;
				GCC_WARN_UNDECLARED_SELECTOR = YES;
				GCC_WARN_UNINITIALIZED_AUTOS = YES_AGGRESSIVE;
				GCC_WARN_UNUSED_FUNCTION = YES;
				GCC_WARN_UNUSED_VARIABLE = YES;
				IPHONEOS_DEPLOYMENT_TARGET = 9.3;
				MTL_ENABLE_DEBUG_INFO = YES;
				ONLY_ACTIVE_ARCH = YES;
				SDKROOT = iphoneos;
			};
			name = Debug;
		};
		764D43831D5186AE0079BA72 /* Release */ = {
			isa = XCBuildConfiguration;
			buildSettings = {
				ALWAYS_SEARCH_USER_PATHS = NO;
				CLANG_ANALYZER_NONNULL = YES;
				CLANG_CXX_LANGUAGE_STANDARD = "gnu++0x";
				CLANG_CXX_LIBRARY = "libc++";
				CLANG_ENABLE_MODULES = YES;
				CLANG_ENABLE_OBJC_ARC = YES;
				CLANG_WARN_BOOL_CONVERSION = YES;
				CLANG_WARN_CONSTANT_CONVERSION = YES;
				CLANG_WARN_DIRECT_OBJC_ISA_USAGE = YES_ERROR;
				CLANG_WARN_EMPTY_BODY = YES;
				CLANG_WARN_ENUM_CONVERSION = YES;
				CLANG_WARN_INT_CONVERSION = YES;
				CLANG_WARN_OBJC_ROOT_CLASS = YES_ERROR;
				CLANG_WARN_UNREACHABLE_CODE = YES;
				CLANG_WARN__DUPLICATE_METHOD_MATCH = YES;
				"CODE_SIGN_IDENTITY[sdk=iphoneos*]" = "iPhone Developer";
				COPY_PHASE_STRIP = NO;
				DEBUG_INFORMATION_FORMAT = "dwarf-with-dsym";
				ENABLE_NS_ASSERTIONS = NO;
				ENABLE_STRICT_OBJC_MSGSEND = YES;
				GCC_C_LANGUAGE_STANDARD = gnu99;
				GCC_NO_COMMON_BLOCKS = YES;
				GCC_WARN_64_TO_32_BIT_CONVERSION = YES;
				GCC_WARN_ABOUT_RETURN_TYPE = YES_ERROR;
				GCC_WARN_UNDECLARED_SELECTOR = YES;
				GCC_WARN_UNINITIALIZED_AUTOS = YES_AGGRESSIVE;
				GCC_WARN_UNUSED_FUNCTION = YES;
				GCC_WARN_UNUSED_VARIABLE = YES;
				IPHONEOS_DEPLOYMENT_TARGET = 9.3;
				MTL_ENABLE_DEBUG_INFO = NO;
				SDKROOT = iphoneos;
				VALIDATE_PRODUCT = YES;
			};
			name = Release;
		};
		764D43851D5186AE0079BA72 /* Debug */ = {
			isa = XCBuildConfiguration;
			buildSettings = {
				ASSETCATALOG_COMPILER_APPICON_NAME = AppIcon;
				INFOPLIST_FILE = CityTest/Info.plist;
				LD_RUNPATH_SEARCH_PATHS = "$(inherited) @executable_path/Frameworks";
				PRODUCT_BUNDLE_IDENTIFIER = whatever.CityTest;
				PRODUCT_NAME = "$(TARGET_NAME)";
			};
			name = Debug;
		};
		764D43861D5186AE0079BA72 /* Release */ = {
			isa = XCBuildConfiguration;
			buildSettings = {
				ASSETCATALOG_COMPILER_APPICON_NAME = AppIcon;
				INFOPLIST_FILE = CityTest/Info.plist;
				LD_RUNPATH_SEARCH_PATHS = "$(inherited) @executable_path/Frameworks";
				PRODUCT_BUNDLE_IDENTIFIER = whatever.CityTest;
				PRODUCT_NAME = "$(TARGET_NAME)";
			};
			name = Release;
		};
/* End XCBuildConfiguration section */

/* Begin XCConfigurationList section */
		764D43651D5186AE0079BA72 /* Build configuration list for PBXProject "CityTest" */ = {
			isa = XCConfigurationList;
			buildConfigurations = (
				764D43821D5186AE0079BA72 /* Debug */,
				764D43831D5186AE0079BA72 /* Release */,
			);
			defaultConfigurationIsVisible = 0;
			defaultConfigurationName = Release;
		};
		764D43841D5186AE0079BA72 /* Build configuration list for PBXNativeTarget "CityTest" */ = {
			isa = XCConfigurationList;
			buildConfigurations = (
				764D43851D5186AE0079BA72 /* Debug */,
				764D43861D5186AE0079BA72 /* Release */,
			);
			defaultConfigurationIsVisible = 0;
		};
/* End XCConfigurationList section */

/* Begin XCVersionGroup section */
		764D43791D5186AE0079BA72 /* CityTest.xcdatamodeld */ = {
			isa = XCVersionGroup;
			children = (
				764D437A1D5186AE0079BA72 /* CityTest.xcdatamodel */,
			);
			currentVersion = 764D437A1D5186AE0079BA72 /* CityTest.xcdatamodel */;
			path = CityTest.xcdatamodeld;
			sourceTree = "<group>";
			versionGroupType = wrapper.xcdatamodel;
		};
/* End XCVersionGroup section */
	};
	rootObject = 764D43621D5186AE0079BA72 /* Project object */;
}
